{
  "name": "rodrigobaez-portfolio",
  "version": "1.0.0",
  "lockfileVersion": 1,
  "requires": true,
  "dependencies": {
    "bootstrap": {
      "version": "5.3.7",
      "resolved": "https://registry.npmjs.org/bootstrap/-/bootstrap-5.3.7.tgz",
      "integrity": "sha512-7KgiD8UHjfcPBHEpDNg+zGz8L3LqR3GVwqZiBRFX04a1BCArZOz1r2kjly2HQ0WokqTO0v1nF+QAt8dsW4lKlw=="
    },
    "eins-modal": {
      "version": "2.2.2",
      "resolved": "https://registry.npmjs.org/eins-modal/-/eins-modal-2.2.2.tgz",
      "integrity": "sha512-UzVtnESK5CTIWLDko3HuNc45tXiY0kX74NjGDzysXJ7znp2ZdWfonkrMDXSxhobSzBQL1bxVydW1WjNbbNo1lw==",
      "requires": {
        "scroll-lock": "^2.1.5",
        "velocity-animate": "^1.5.2"
      }
    },
    "micromodal": {
      "version": "0.6.1",
      "resolved": "https://registry.npmjs.org/micromodal/-/micromodal-0.6.1.tgz",
      "integrity": "sha512-rw1fOptxQe3XGDm9xil9hBC2ylPb1kKZyYv4FlK54R/7L+KG+D8SQxPL5L8OlEXAhBDHckeoULYxWSYU9rg/RA=="
    },
    "normalize.css": {
      "version": "8.0.1",
      "resolved": "https://registry.npmjs.org/normalize.css/-/normalize.css-8.0.1.tgz",
      "integrity": "sha512-qizSNPO93t1YUuUhP22btGOo3chcvDFqFaj2TRybP0DMxkHOCTYwp3n34fel4a31ORXy4m1Xq0Gyqpb5m33qIg=="
    },
    "scroll-lock": {
      "version": "2.1.5",
      "resolved": "https://registry.npmjs.org/scroll-lock/-/scroll-lock-2.1.5.tgz",
      "integrity": "sha512-GN8Lp0AzXbkrPFUUNkMUruiiv019UvarNKE/SnXi+AxZRjMnDc2R22VB9RcUtL4P/uub04cKibmpHKIKTyWwYQ=="
    },
    "velocity-animate": {
      "version": "1.5.2",
      "resolved": "https://registry.npmjs.org/velocity-animate/-/velocity-animate-1.5.2.tgz",
      "integrity": "sha512-m6EXlCAMetKztO1ppBhGU1/1MR3IiEevO6ESq6rcrSQ3Q77xYSW13jkfXW88o4xMrkXJhy/U7j4wFR/twMB0Eg=="
    }
  }
}
